
Microsoft Visual Studio Solution File, Format Version 12.00
# Visual Studio 2013
VisualStudioVersion = 12.0.40629.0
MinimumVisualStudioVersion = 10.0.40219.1
Project("{FAE04EC0-301F-11D3-BF4B-00C04F79EFBC}") = "IFlatPlanetExam.Web", "IFlatPlanetExam.Web\IFlatPlanetExam.Web.csproj", "{66F24DA9-68E3-49B3-9DB0-6A46B5C7EC1C}"
EndProject
Project("{FAE04EC0-301F-11D3-BF4B-00C04F79EFBC}") = "IFlatPlanetExam.Data", "IFlatPlanetExam.Data\IFlatPlanetExam.Data.csproj", "{1784D2B4-6FBF-4862-94D9-ED4116C8A588}"
EndProject
Project("{FAE04EC0-301F-11D3-BF4B-00C04F79EFBC}") = "IFlatPlanetExam.Model", "IFlatPlanetExam.Model\IFlatPlanetExam.Model.csproj", "{AF5251FB-F88C-4213-91E9-EA7A244DC6FB}"
EndProject
Global
	GlobalSection(TeamFoundationVersionControl) = preSolution
		SccNumberOfProjects = 4
		SccEnterpriseProvider = {4CA58AB2-18FA-4F8D-95D4-32DDF27D184C}
		SccTeamFoundationServer = https://ralphgutierrez.visualstudio.com/
		SccLocalPath0 = .
		SccProjectUniqueName1 = IFlatPlanetExam.Data\\IFlatPlanetExam.Data.csproj
		SccProjectName1 = IFlatPlanetExam.Data
		SccLocalPath1 = IFlatPlanetExam.Data
		SccProjectUniqueName2 = IFlatPlanetExam.Model\\IFlatPlanetExam.Model.csproj
		SccProjectName2 = IFlatPlanetExam.Model
		SccLocalPath2 = IFlatPlanetExam.Model
		SccProjectUniqueName3 = IFlatPlanetExam.Web\\IFlatPlanetExam.Web.csproj
		SccProjectName3 = IFlatPlanetExam.Web
		SccLocalPath3 = IFlatPlanetExam.Web
	EndGlobalSection
	GlobalSection(SolutionConfigurationPlatforms) = preSolution
		Debug|Any CPU = Debug|Any CPU
		Release|Any CPU = Release|Any CPU
	EndGlobalSection
	GlobalSection(ProjectConfigurationPlatforms) = postSolution
		{66F24DA9-68E3-49B3-9DB0-6A46B5C7EC1C}.Debug|Any CPU.ActiveCfg = Debug|Any CPU
		{66F24DA9-68E3-49B3-9DB0-6A46B5C7EC1C}.Debug|Any CPU.Build.0 = Debug|Any CPU
		{66F24DA9-68E3-49B3-9DB0-6A46B5C7EC1C}.Release|Any CPU.ActiveCfg = Release|Any CPU
		{66F24DA9-68E3-49B3-9DB0-6A46B5C7EC1C}.Release|Any CPU.Build.0 = Release|Any CPU
		{1784D2B4-6FBF-4862-94D9-ED4116C8A588}.Debug|Any CPU.ActiveCfg = Debug|Any CPU
		{1784D2B4-6FBF-4862-94D9-ED4116C8A588}.Debug|Any CPU.Build.0 = Debug|Any CPU
		{1784D2B4-6FBF-4862-94D9-ED4116C8A588}.Release|Any CPU.ActiveCfg = Release|Any CPU
		{1784D2B4-6FBF-4862-94D9-ED4116C8A588}.Release|Any CPU.Build.0 = Release|Any CPU
		{AF5251FB-F88C-4213-91E9-EA7A244DC6FB}.Debug|Any CPU.ActiveCfg = Debug|Any CPU
		{AF5251FB-F88C-4213-91E9-EA7A244DC6FB}.Debug|Any CPU.Build.0 = Debug|Any CPU
		{AF5251FB-F88C-4213-91E9-EA7A244DC6FB}.Release|Any CPU.ActiveCfg = Release|Any CPU
		{AF5251FB-F88C-4213-91E9-EA7A244DC6FB}.Release|Any CPU.Build.0 = Release|Any CPU
	EndGlobalSection
	GlobalSection(SolutionProperties) = preSolution
		HideSolutionNode = FALSE
	EndGlobalSection
EndGlobal
